
Microsoft Visual Studio Solution File, Format Version 12.00
# Visual Studio 2012
Project("{f2a71f9b-5d33-465a-a702-920d77279786}") = "cw01", "cw01\cw01.fsproj", "{BB8AA10B-3970-47A5-8390-F1AA9CD5690B}"
EndProject
Global
	GlobalSection(SolutionConfigurationPlatforms) = preSolution
		Debug|x86 = Debug|x86
		Release|x86 = Release|x86
	EndGlobalSection
	GlobalSection(ProjectConfigurationPlatforms) = postSolution
		{BB8AA10B-3970-47A5-8390-F1AA9CD5690B}.Debug|x86.ActiveCfg = Debug|x86
		{BB8AA10B-3970-47A5-8390-F1AA9CD5690B}.Debug|x86.Build.0 = Debug|x86
		{BB8AA10B-3970-47A5-8390-F1AA9CD5690B}.Release|x86.ActiveCfg = Release|x86
		{BB8AA10B-3970-47A5-8390-F1AA9CD5690B}.Release|x86.Build.0 = Release|x86
	EndGlobalSection
EndGlobal
